
Microsoft Visual Studio Solution File, Format Version 12.00
# Visual Studio Version 16
VisualStudioVersion = 16.0.30225.117
MinimumVisualStudioVersion = 10.0.40219.1
Project("{FAE04EC0-301F-11D3-BF4B-00C04F79EFBC}") = "OnlyPans", "OnlyPans\OnlyPans.csproj", "{40A11E20-AE8E-4F45-8F2A-63E25BE56D85}"
EndProject
Global
	GlobalSection(SolutionConfigurationPlatforms) = preSolution
		Debug|Any CPU = Debug|Any CPU
		Release|Any CPU = Release|Any CPU
	EndGlobalSection
	GlobalSection(ProjectConfigurationPlatforms) = postSolution
		{40A11E20-AE8E-4F45-8F2A-63E25BE56D85}.Debug|Any CPU.ActiveCfg = Debug|Any CPU
		{40A11E20-AE8E-4F45-8F2A-63E25BE56D85}.Debug|Any CPU.Build.0 = Debug|Any CPU
		{40A11E20-AE8E-4F45-8F2A-63E25BE56D85}.Release|Any CPU.ActiveCfg = Release|Any CPU
		{40A11E20-AE8E-4F45-8F2A-63E25BE56D85}.Release|Any CPU.Build.0 = Release|Any CPU
	EndGlobalSection
	GlobalSection(SolutionProperties) = preSolution
		HideSolutionNode = FALSE
	EndGlobalSection
	GlobalSection(ExtensibilityGlobals) = postSolution
		SolutionGuid = {74973D80-FEDB-4186-8444-CB25E2633694}
	EndGlobalSection
EndGlobal
